
Microsoft Visual Studio Solution File, Format Version 12.00
# Visual Studio Version 16
VisualStudioVersion = 16.0.30523.141
MinimumVisualStudioVersion = 10.0.40219.1
Project("{FAE04EC0-301F-11D3-BF4B-00C04F79EFBC}") = "LogicOperators", "LogicOperators\LogicOperators.csproj", "{DBC92790-AEBE-4392-BF8E-0CD7B9360221}"
EndProject
Global
	GlobalSection(SolutionConfigurationPlatforms) = preSolution
		Debug|Any CPU = Debug|Any CPU
		Release|Any CPU = Release|Any CPU
	EndGlobalSection
	GlobalSection(ProjectConfigurationPlatforms) = postSolution
		{DBC92790-AEBE-4392-BF8E-0CD7B9360221}.Debug|Any CPU.ActiveCfg = Debug|Any CPU
		{DBC92790-AEBE-4392-BF8E-0CD7B9360221}.Debug|Any CPU.Build.0 = Debug|Any CPU
		{DBC92790-AEBE-4392-BF8E-0CD7B9360221}.Release|Any CPU.ActiveCfg = Release|Any CPU
		{DBC92790-AEBE-4392-BF8E-0CD7B9360221}.Release|Any CPU.Build.0 = Release|Any CPU
	EndGlobalSection
	GlobalSection(SolutionProperties) = preSolution
		HideSolutionNode = FALSE
	EndGlobalSection
	GlobalSection(ExtensibilityGlobals) = postSolution
		SolutionGuid = {F5B4374A-351C-4C92-B908-F71483064AC3}
	EndGlobalSection
EndGlobal
